golden_result:
  cycles: 6989
phases:
  p1:
    transfers:
      tr0:
        packet_size: 4096
        num_packets: 1
        src_x: 1
        src_y: 1
        dst_x: 1
        dst_y: 1
        injection_rate: 0
        phase_cycle_offset: 195
        noc_type: NOC_1
      tr1:
        packet_size: 4096
        num_packets: 1
        src_x: 1
        src_y: 1
        dst_x: 1
        dst_y: 1
        injection_rate: 0
        phase_cycle_offset: 350
        noc_type: NOC_1
      tr2:
        packet_size: 4096
        num_packets: 1
        src_x: 1
        src_y: 1
        dst_x: 1
        dst_y: 1
        injection_rate: 0
        phase_cycle_offset: 539
        noc_type: NOC_1
      tr3:
        packet_size: 4096
        num_packets: 1
        src_x: 1
        src_y: 1
        dst_x: 1
        dst_y: 1
        injection_rate: 0
        phase_cycle_offset: 679
        noc_type: NOC_1
      tr4:
        packet_size: 4096
        num_packets: 1
        src_x: 1
        src_y: 1
        dst_x: 1
        dst_y: 1
        injection_rate: 0
        phase_cycle_offset: 375
        noc_type: NOC_0
      tr5:
        packet_size: 4096
        num_packets: 1
        src_x: 1
        src_y: 1
        dst_x: 1
        dst_y: 1
        injection_rate: 0
        phase_cycle_offset: 515
        noc_type: NOC_0
      tr6:
        packet_size: 4096
        num_packets: 1
        src_x: 1
        src_y: 1
        dst_x: 1
        dst_y: 1
        injection_rate: 0
        phase_cycle_offset: 704
        noc_type: NOC_0
      tr7:
        packet_size: 4096
        num_packets: 1
        src_x: 1
        src_y: 1
        dst_x: 1
        dst_y: 1
        injection_rate: 0
        phase_cycle_offset: 848
        noc_type: NOC_0
      tr8:
        packet_size: 4096
        num_packets: 1
        src_x: 1
        src_y: 1
        dst_x: 1
        dst_y: 2
        injection_rate: 0
        phase_cycle_offset: 188
        noc_type: NOC_1
      tr9:
        packet_size: 4096
        num_packets: 1
        src_x: 1
        src_y: 1
        dst_x: 1
        dst_y: 2
        injection_rate: 0
        phase_cycle_offset: 342
        noc_type: NOC_1
      tr10:
        packet_size: 4096
        num_packets: 1
        src_x: 1
        src_y: 1
        dst_x: 1
        dst_y: 2
        injection_rate: 0
        phase_cycle_offset: 525
        noc_type: NOC_1
      tr11:
        packet_size: 4096
        num_packets: 1
        src_x: 1
        src_y: 1
        dst_x: 1
        dst_y: 2
        injection_rate: 0
        phase_cycle_offset: 663
        noc_type: NOC_1
      tr12:
        packet_size: 4096
        num_packets: 1
        src_x: 1
        src_y: 1
        dst_x: 1
        dst_y: 2
        injection_rate: 0
        phase_cycle_offset: 366
        noc_type: NOC_0
      tr13:
        packet_size: 4096
        num_packets: 1
        src_x: 1
        src_y: 1
        dst_x: 1
        dst_y: 2
        injection_rate: 0
        phase_cycle_offset: 509
        noc_type: NOC_0
      tr14:
        packet_size: 4096
        num_packets: 1
        src_x: 1
        src_y: 1
        dst_x: 1
        dst_y: 2
        injection_rate: 0
        phase_cycle_offset: 690
        noc_type: NOC_0
      tr15:
        packet_size: 4096
        num_packets: 1
        src_x: 1
        src_y: 1
        dst_x: 1
        dst_y: 2
        injection_rate: 0
        phase_cycle_offset: 832
        noc_type: NOC_0
      tr16:
        packet_size: 4096
        num_packets: 1
        src_x: 1
        src_y: 1
        dst_x: 2
        dst_y: 1
        injection_rate: 0
        phase_cycle_offset: 192
        noc_type: NOC_1
      tr17:
        packet_size: 4096
        num_packets: 1
        src_x: 1
        src_y: 1
        dst_x: 2
        dst_y: 1
        injection_rate: 0
        phase_cycle_offset: 346
        noc_type: NOC_1
      tr18:
        packet_size: 4096
        num_packets: 1
        src_x: 1
        src_y: 1
        dst_x: 2
        dst_y: 1
        injection_rate: 0
        phase_cycle_offset: 524
        noc_type: NOC_1
      tr19:
        packet_size: 4096
        num_packets: 1
        src_x: 1
        src_y: 1
        dst_x: 2
        dst_y: 1
        injection_rate: 0
        phase_cycle_offset: 670
        noc_type: NOC_1
      tr20:
        packet_size: 4096
        num_packets: 1
        src_x: 1
        src_y: 1
        dst_x: 2
        dst_y: 1
        injection_rate: 0
        phase_cycle_offset: 371
        noc_type: NOC_0
      tr21:
        packet_size: 4096
        num_packets: 1
        src_x: 1
        src_y: 1
        dst_x: 2
        dst_y: 1
        injection_rate: 0
        phase_cycle_offset: 514
        noc_type: NOC_0
      tr22:
        packet_size: 4096
        num_packets: 1
        src_x: 1
        src_y: 1
        dst_x: 2
        dst_y: 1
        injection_rate: 0
        phase_cycle_offset: 699
        noc_type: NOC_0
      tr23:
        packet_size: 4096
        num_packets: 1
        src_x: 1
        src_y: 1
        dst_x: 2
        dst_y: 1
        injection_rate: 0
        phase_cycle_offset: 839
        noc_type: NOC_0
      tr24:
        packet_size: 4096
        num_packets: 1
        src_x: 1
        src_y: 1
        dst_x: 2
        dst_y: 2
        injection_rate: 0
        phase_cycle_offset: 195
        noc_type: NOC_1
      tr25:
        packet_size: 4096
        num_packets: 1
        src_x: 1
        src_y: 1
        dst_x: 2
        dst_y: 2
        injection_rate: 0
        phase_cycle_offset: 344
        noc_type: NOC_1
      tr26:
        packet_size: 4096
        num_packets: 1
        src_x: 1
        src_y: 1
        dst_x: 2
        dst_y: 2
        injection_rate: 0
        phase_cycle_offset: 521
        noc_type: NOC_1
      tr27:
        packet_size: 4096
        num_packets: 1
        src_x: 1
        src_y: 1
        dst_x: 2
        dst_y: 2
        injection_rate: 0
        phase_cycle_offset: 667
        noc_type: NOC_1
      tr28:
        packet_size: 4096
        num_packets: 1
        src_x: 1
        src_y: 1
        dst_x: 2
        dst_y: 2
        injection_rate: 0
        phase_cycle_offset: 374
        noc_type: NOC_0
      tr29:
        packet_size: 4096
        num_packets: 1
        src_x: 1
        src_y: 1
        dst_x: 2
        dst_y: 2
        injection_rate: 0
        phase_cycle_offset: 516
        noc_type: NOC_0
      tr30:
        packet_size: 4096
        num_packets: 1
        src_x: 1
        src_y: 1
        dst_x: 2
        dst_y: 2
        injection_rate: 0
        phase_cycle_offset: 697
        noc_type: NOC_0
      tr31:
        packet_size: 4096
        num_packets: 1
        src_x: 1
        src_y: 1
        dst_x: 2
        dst_y: 2
        injection_rate: 0
        phase_cycle_offset: 841
        noc_type: NOC_0
      tr32:
        packet_size: 4096
        num_packets: 1
        src_x: 1
        src_y: 1
        dst_x: 3
        dst_y: 1
        injection_rate: 0
        phase_cycle_offset: 261
        noc_type: NOC_1
      tr33:
        packet_size: 4096
        num_packets: 1
        src_x: 1
        src_y: 1
        dst_x: 3
        dst_y: 1
        injection_rate: 0
        phase_cycle_offset: 415
        noc_type: NOC_1
      tr34:
        packet_size: 4096
        num_packets: 1
        src_x: 1
        src_y: 1
        dst_x: 3
        dst_y: 1
        injection_rate: 0
        phase_cycle_offset: 604
        noc_type: NOC_1
      tr35:
        packet_size: 4096
        num_packets: 1
        src_x: 1
        src_y: 1
        dst_x: 3
        dst_y: 1
        injection_rate: 0
        phase_cycle_offset: 742
        noc_type: NOC_1
      tr36:
        packet_size: 4096
        num_packets: 1
        src_x: 1
        src_y: 1
        dst_x: 3
        dst_y: 1
        injection_rate: 0
        phase_cycle_offset: 440
        noc_type: NOC_0
      tr37:
        packet_size: 4096
        num_packets: 1
        src_x: 1
        src_y: 1
        dst_x: 3
        dst_y: 1
        injection_rate: 0
        phase_cycle_offset: 583
        noc_type: NOC_0
      tr38:
        packet_size: 4096
        num_packets: 1
        src_x: 1
        src_y: 1
        dst_x: 3
        dst_y: 1
        injection_rate: 0
        phase_cycle_offset: 767
        noc_type: NOC_0
      tr39:
        packet_size: 4096
        num_packets: 1
        src_x: 1
        src_y: 1
        dst_x: 3
        dst_y: 1
        injection_rate: 0
        phase_cycle_offset: 911
        noc_type: NOC_0
      tr40:
        packet_size: 4096
        num_packets: 1
        src_x: 1
        src_y: 1
        dst_x: 3
        dst_y: 2
        injection_rate: 0
        phase_cycle_offset: 245
        noc_type: NOC_1
      tr41:
        packet_size: 4096
        num_packets: 1
        src_x: 1
        src_y: 1
        dst_x: 3
        dst_y: 2
        injection_rate: 0
        phase_cycle_offset: 399
        noc_type: NOC_1
      tr42:
        packet_size: 4096
        num_packets: 1
        src_x: 1
        src_y: 1
        dst_x: 3
        dst_y: 2
        injection_rate: 0
        phase_cycle_offset: 588
        noc_type: NOC_1
      tr43:
        packet_size: 4096
        num_packets: 1
        src_x: 1
        src_y: 1
        dst_x: 3
        dst_y: 2
        injection_rate: 0
        phase_cycle_offset: 725
        noc_type: NOC_1
      tr44:
        packet_size: 4096
        num_packets: 1
        src_x: 1
        src_y: 1
        dst_x: 3
        dst_y: 2
        injection_rate: 0
        phase_cycle_offset: 424
        noc_type: NOC_0
      tr45:
        packet_size: 4096
        num_packets: 1
        src_x: 1
        src_y: 1
        dst_x: 3
        dst_y: 2
        injection_rate: 0
        phase_cycle_offset: 567
        noc_type: NOC_0
      tr46:
        packet_size: 4096
        num_packets: 1
        src_x: 1
        src_y: 1
        dst_x: 3
        dst_y: 2
        injection_rate: 0
        phase_cycle_offset: 751
        noc_type: NOC_0
      tr47:
        packet_size: 4096
        num_packets: 1
        src_x: 1
        src_y: 1
        dst_x: 3
        dst_y: 2
        injection_rate: 0
        phase_cycle_offset: 895
        noc_type: NOC_0
      tr48:
        packet_size: 4096
        num_packets: 1
        src_x: 1
        src_y: 1
        dst_x: 4
        dst_y: 1
        injection_rate: 0
        phase_cycle_offset: 241
        noc_type: NOC_1
      tr49:
        packet_size: 4096
        num_packets: 1
        src_x: 1
        src_y: 1
        dst_x: 4
        dst_y: 1
        injection_rate: 0
        phase_cycle_offset: 395
        noc_type: NOC_1
      tr50:
        packet_size: 4096
        num_packets: 1
        src_x: 1
        src_y: 1
        dst_x: 4
        dst_y: 1
        injection_rate: 0
        phase_cycle_offset: 578
        noc_type: NOC_1
      tr51:
        packet_size: 4096
        num_packets: 1
        src_x: 1
        src_y: 1
        dst_x: 4
        dst_y: 1
        injection_rate: 0
        phase_cycle_offset: 718
        noc_type: NOC_1
      tr52:
        packet_size: 4096
        num_packets: 1
        src_x: 1
        src_y: 1
        dst_x: 4
        dst_y: 1
        injection_rate: 0
        phase_cycle_offset: 419
        noc_type: NOC_0
      tr53:
        packet_size: 4096
        num_packets: 1
        src_x: 1
        src_y: 1
        dst_x: 4
        dst_y: 1
        injection_rate: 0
        phase_cycle_offset: 562
        noc_type: NOC_0
      tr54:
        packet_size: 4096
        num_packets: 1
        src_x: 1
        src_y: 1
        dst_x: 4
        dst_y: 1
        injection_rate: 0
        phase_cycle_offset: 743
        noc_type: NOC_0
      tr55:
        packet_size: 4096
        num_packets: 1
        src_x: 1
        src_y: 1
        dst_x: 4
        dst_y: 1
        injection_rate: 0
        phase_cycle_offset: 885
        noc_type: NOC_0
      tr56:
        packet_size: 4096
        num_packets: 1
        src_x: 1
        src_y: 1
        dst_x: 4
        dst_y: 2
        injection_rate: 0
        phase_cycle_offset: 227
        noc_type: NOC_1
      tr57:
        packet_size: 4096
        num_packets: 1
        src_x: 1
        src_y: 1
        dst_x: 4
        dst_y: 2
        injection_rate: 0
        phase_cycle_offset: 381
        noc_type: NOC_1
      tr58:
        packet_size: 4096
        num_packets: 1
        src_x: 1
        src_y: 1
        dst_x: 4
        dst_y: 2
        injection_rate: 0
        phase_cycle_offset: 564
        noc_type: NOC_1
      tr59:
        packet_size: 4096
        num_packets: 1
        src_x: 1
        src_y: 1
        dst_x: 4
        dst_y: 2
        injection_rate: 0
        phase_cycle_offset: 704
        noc_type: NOC_1
      tr60:
        packet_size: 4096
        num_packets: 1
        src_x: 1
        src_y: 1
        dst_x: 4
        dst_y: 2
        injection_rate: 0
        phase_cycle_offset: 406
        noc_type: NOC_0
      tr61:
        packet_size: 4096
        num_packets: 1
        src_x: 1
        src_y: 1
        dst_x: 4
        dst_y: 2
        injection_rate: 0
        phase_cycle_offset: 548
        noc_type: NOC_0
      tr62:
        packet_size: 4096
        num_packets: 1
        src_x: 1
        src_y: 1
        dst_x: 4
        dst_y: 2
        injection_rate: 0
        phase_cycle_offset: 732
        noc_type: NOC_0
      tr63:
        packet_size: 4096
        num_packets: 1
        src_x: 1
        src_y: 1
        dst_x: 4
        dst_y: 2
        injection_rate: 0
        phase_cycle_offset: 878
        noc_type: NOC_0
      tr64:
        packet_size: 4096
        num_packets: 1
        src_x: 2
        src_y: 1
        dst_x: 6
        dst_y: 1
        injection_rate: 0
        phase_cycle_offset: 231
        noc_type: NOC_1
      tr65:
        packet_size: 4096
        num_packets: 1
        src_x: 2
        src_y: 1
        dst_x: 6
        dst_y: 1
        injection_rate: 0
        phase_cycle_offset: 385
        noc_type: NOC_1
      tr66:
        packet_size: 4096
        num_packets: 1
        src_x: 2
        src_y: 1
        dst_x: 6
        dst_y: 1
        injection_rate: 0
        phase_cycle_offset: 564
        noc_type: NOC_1
      tr67:
        packet_size: 4096
        num_packets: 1
        src_x: 2
        src_y: 1
        dst_x: 6
        dst_y: 1
        injection_rate: 0
        phase_cycle_offset: 704
        noc_type: NOC_1
      tr68:
        packet_size: 4096
        num_packets: 1
        src_x: 2
        src_y: 1
        dst_x: 6
        dst_y: 1
        injection_rate: 0
        phase_cycle_offset: 410
        noc_type: NOC_0
      tr69:
        packet_size: 4096
        num_packets: 1
        src_x: 2
        src_y: 1
        dst_x: 6
        dst_y: 1
        injection_rate: 0
        phase_cycle_offset: 552
        noc_type: NOC_0
      tr70:
        packet_size: 4096
        num_packets: 1
        src_x: 2
        src_y: 1
        dst_x: 6
        dst_y: 1
        injection_rate: 0
        phase_cycle_offset: 733
        noc_type: NOC_0
      tr71:
        packet_size: 4096
        num_packets: 1
        src_x: 2
        src_y: 1
        dst_x: 6
        dst_y: 1
        injection_rate: 0
        phase_cycle_offset: 877
        noc_type: NOC_0
      tr72:
        packet_size: 4096
        num_packets: 1
        src_x: 2
        src_y: 1
        dst_x: 6
        dst_y: 2
        injection_rate: 0
        phase_cycle_offset: 232
        noc_type: NOC_1
      tr73:
        packet_size: 4096
        num_packets: 1
        src_x: 2
        src_y: 1
        dst_x: 6
        dst_y: 2
        injection_rate: 0
        phase_cycle_offset: 383
        noc_type: NOC_1
      tr74:
        packet_size: 4096
        num_packets: 1
        src_x: 2
        src_y: 1
        dst_x: 6
        dst_y: 2
        injection_rate: 0
        phase_cycle_offset: 561
        noc_type: NOC_1
      tr75:
        packet_size: 4096
        num_packets: 1
        src_x: 2
        src_y: 1
        dst_x: 6
        dst_y: 2
        injection_rate: 0
        phase_cycle_offset: 707
        noc_type: NOC_1
      tr76:
        packet_size: 4096
        num_packets: 1
        src_x: 2
        src_y: 1
        dst_x: 6
        dst_y: 2
        injection_rate: 0
        phase_cycle_offset: 411
        noc_type: NOC_0
      tr77:
        packet_size: 4096
        num_packets: 1
        src_x: 2
        src_y: 1
        dst_x: 6
        dst_y: 2
        injection_rate: 0
        phase_cycle_offset: 553
        noc_type: NOC_0
      tr78:
        packet_size: 4096
        num_packets: 1
        src_x: 2
        src_y: 1
        dst_x: 6
        dst_y: 2
        injection_rate: 0
        phase_cycle_offset: 743
        noc_type: NOC_0
      tr79:
        packet_size: 4096
        num_packets: 1
        src_x: 2
        src_y: 1
        dst_x: 6
        dst_y: 2
        injection_rate: 0
        phase_cycle_offset: 887
        noc_type: NOC_0
      tr80:
        packet_size: 4096
        num_packets: 1
        src_x: 2
        src_y: 1
        dst_x: 7
        dst_y: 1
        injection_rate: 0
        phase_cycle_offset: 220
        noc_type: NOC_1
      tr81:
        packet_size: 4096
        num_packets: 1
        src_x: 2
        src_y: 1
        dst_x: 7
        dst_y: 1
        injection_rate: 0
        phase_cycle_offset: 375
        noc_type: NOC_1
      tr82:
        packet_size: 4096
        num_packets: 1
        src_x: 2
        src_y: 1
        dst_x: 7
        dst_y: 1
        injection_rate: 0
        phase_cycle_offset: 556
        noc_type: NOC_1
      tr83:
        packet_size: 4096
        num_packets: 1
        src_x: 2
        src_y: 1
        dst_x: 7
        dst_y: 1
        injection_rate: 0
        phase_cycle_offset: 696
        noc_type: NOC_1
      tr84:
        packet_size: 4096
        num_packets: 1
        src_x: 2
        src_y: 1
        dst_x: 7
        dst_y: 1
        injection_rate: 0
        phase_cycle_offset: 400
        noc_type: NOC_0
      tr85:
        packet_size: 4096
        num_packets: 1
        src_x: 2
        src_y: 1
        dst_x: 7
        dst_y: 1
        injection_rate: 0
        phase_cycle_offset: 543
        noc_type: NOC_0
      tr86:
        packet_size: 4096
        num_packets: 1
        src_x: 2
        src_y: 1
        dst_x: 7
        dst_y: 1
        injection_rate: 0
        phase_cycle_offset: 727
        noc_type: NOC_0
      tr87:
        packet_size: 4096
        num_packets: 1
        src_x: 2
        src_y: 1
        dst_x: 7
        dst_y: 1
        injection_rate: 0
        phase_cycle_offset: 871
        noc_type: NOC_0
      tr88:
        packet_size: 4096
        num_packets: 1
        src_x: 2
        src_y: 1
        dst_x: 7
        dst_y: 2
        injection_rate: 0
        phase_cycle_offset: 213
        noc_type: NOC_1
      tr89:
        packet_size: 4096
        num_packets: 1
        src_x: 2
        src_y: 1
        dst_x: 7
        dst_y: 2
        injection_rate: 0
        phase_cycle_offset: 364
        noc_type: NOC_1
      tr90:
        packet_size: 4096
        num_packets: 1
        src_x: 2
        src_y: 1
        dst_x: 7
        dst_y: 2
        injection_rate: 0
        phase_cycle_offset: 547
        noc_type: NOC_1
      tr91:
        packet_size: 4096
        num_packets: 1
        src_x: 2
        src_y: 1
        dst_x: 7
        dst_y: 2
        injection_rate: 0
        phase_cycle_offset: 687
        noc_type: NOC_1
      tr92:
        packet_size: 4096
        num_packets: 1
        src_x: 2
        src_y: 1
        dst_x: 7
        dst_y: 2
        injection_rate: 0
        phase_cycle_offset: 392
        noc_type: NOC_0
      tr93:
        packet_size: 4096
        num_packets: 1
        src_x: 2
        src_y: 1
        dst_x: 7
        dst_y: 2
        injection_rate: 0
        phase_cycle_offset: 534
        noc_type: NOC_0
      tr94:
        packet_size: 4096
        num_packets: 1
        src_x: 2
        src_y: 1
        dst_x: 7
        dst_y: 2
        injection_rate: 0
        phase_cycle_offset: 723
        noc_type: NOC_0
      tr95:
        packet_size: 4096
        num_packets: 1
        src_x: 2
        src_y: 1
        dst_x: 7
        dst_y: 2
        injection_rate: 0
        phase_cycle_offset: 868
        noc_type: NOC_0
      tr96:
        packet_size: 4096
        num_packets: 1
        src_x: 2
        src_y: 1
        dst_x: 8
        dst_y: 1
        injection_rate: 0
        phase_cycle_offset: 227
        noc_type: NOC_1
      tr97:
        packet_size: 4096
        num_packets: 1
        src_x: 2
        src_y: 1
        dst_x: 8
        dst_y: 1
        injection_rate: 0
        phase_cycle_offset: 381
        noc_type: NOC_1
      tr98:
        packet_size: 4096
        num_packets: 1
        src_x: 2
        src_y: 1
        dst_x: 8
        dst_y: 1
        injection_rate: 0
        phase_cycle_offset: 561
        noc_type: NOC_1
      tr99:
        packet_size: 4096
        num_packets: 1
        src_x: 2
        src_y: 1
        dst_x: 8
        dst_y: 1
        injection_rate: 0
        phase_cycle_offset: 704
        noc_type: NOC_1
      tr100:
        packet_size: 4096
        num_packets: 1
        src_x: 2
        src_y: 1
        dst_x: 8
        dst_y: 1
        injection_rate: 0
        phase_cycle_offset: 406
        noc_type: NOC_0
      tr101:
        packet_size: 4096
        num_packets: 1
        src_x: 2
        src_y: 1
        dst_x: 8
        dst_y: 1
        injection_rate: 0
        phase_cycle_offset: 548
        noc_type: NOC_0
      tr102:
        packet_size: 4096
        num_packets: 1
        src_x: 2
        src_y: 1
        dst_x: 8
        dst_y: 1
        injection_rate: 0
        phase_cycle_offset: 729
        noc_type: NOC_0
      tr103:
        packet_size: 4096
        num_packets: 1
        src_x: 2
        src_y: 1
        dst_x: 8
        dst_y: 1
        injection_rate: 0
        phase_cycle_offset: 872
        noc_type: NOC_0
      tr104:
        packet_size: 4096
        num_packets: 1
        src_x: 2
        src_y: 1
        dst_x: 8
        dst_y: 2
        injection_rate: 0
        phase_cycle_offset: 216
        noc_type: NOC_1
      tr105:
        packet_size: 4096
        num_packets: 1
        src_x: 2
        src_y: 1
        dst_x: 8
        dst_y: 2
        injection_rate: 0
        phase_cycle_offset: 369
        noc_type: NOC_1
      tr106:
        packet_size: 4096
        num_packets: 1
        src_x: 2
        src_y: 1
        dst_x: 8
        dst_y: 2
        injection_rate: 0
        phase_cycle_offset: 550
        noc_type: NOC_1
      tr107:
        packet_size: 4096
        num_packets: 1
        src_x: 2
        src_y: 1
        dst_x: 8
        dst_y: 2
        injection_rate: 0
        phase_cycle_offset: 694
        noc_type: NOC_1
      tr108:
        packet_size: 4096
        num_packets: 1
        src_x: 2
        src_y: 1
        dst_x: 8
        dst_y: 2
        injection_rate: 0
        phase_cycle_offset: 396
        noc_type: NOC_0
      tr109:
        packet_size: 4096
        num_packets: 1
        src_x: 2
        src_y: 1
        dst_x: 8
        dst_y: 2
        injection_rate: 0
        phase_cycle_offset: 538
        noc_type: NOC_0
      tr110:
        packet_size: 4096
        num_packets: 1
        src_x: 2
        src_y: 1
        dst_x: 8
        dst_y: 2
        injection_rate: 0
        phase_cycle_offset: 724
        noc_type: NOC_0
      tr111:
        packet_size: 4096
        num_packets: 1
        src_x: 2
        src_y: 1
        dst_x: 8
        dst_y: 2
        injection_rate: 0
        phase_cycle_offset: 868
        noc_type: NOC_0
      tr112:
        packet_size: 4096
        num_packets: 1
        src_x: 2
        src_y: 1
        dst_x: 9
        dst_y: 1
        injection_rate: 0
        phase_cycle_offset: 214
        noc_type: NOC_1
      tr113:
        packet_size: 4096
        num_packets: 1
        src_x: 2
        src_y: 1
        dst_x: 9
        dst_y: 1
        injection_rate: 0
        phase_cycle_offset: 368
        noc_type: NOC_1
      tr114:
        packet_size: 4096
        num_packets: 1
        src_x: 2
        src_y: 1
        dst_x: 9
        dst_y: 1
        injection_rate: 0
        phase_cycle_offset: 557
        noc_type: NOC_1
      tr115:
        packet_size: 4096
        num_packets: 1
        src_x: 2
        src_y: 1
        dst_x: 9
        dst_y: 1
        injection_rate: 0
        phase_cycle_offset: 694
        noc_type: NOC_1
      tr116:
        packet_size: 4096
        num_packets: 1
        src_x: 2
        src_y: 1
        dst_x: 9
        dst_y: 1
        injection_rate: 0
        phase_cycle_offset: 392
        noc_type: NOC_0
      tr117:
        packet_size: 4096
        num_packets: 1
        src_x: 2
        src_y: 1
        dst_x: 9
        dst_y: 1
        injection_rate: 0
        phase_cycle_offset: 536
        noc_type: NOC_0
      tr118:
        packet_size: 4096
        num_packets: 1
        src_x: 2
        src_y: 1
        dst_x: 9
        dst_y: 1
        injection_rate: 0
        phase_cycle_offset: 717
        noc_type: NOC_0
      tr119:
        packet_size: 4096
        num_packets: 1
        src_x: 2
        src_y: 1
        dst_x: 9
        dst_y: 1
        injection_rate: 0
        phase_cycle_offset: 860
        noc_type: NOC_0
      tr120:
        packet_size: 4096
        num_packets: 1
        src_x: 2
        src_y: 1
        dst_x: 9
        dst_y: 2
        injection_rate: 0
        phase_cycle_offset: 205
        noc_type: NOC_1
      tr121:
        packet_size: 4096
        num_packets: 1
        src_x: 2
        src_y: 1
        dst_x: 9
        dst_y: 2
        injection_rate: 0
        phase_cycle_offset: 358
        noc_type: NOC_1
      tr122:
        packet_size: 4096
        num_packets: 1
        src_x: 2
        src_y: 1
        dst_x: 9
        dst_y: 2
        injection_rate: 0
        phase_cycle_offset: 540
        noc_type: NOC_1
      tr123:
        packet_size: 4096
        num_packets: 1
        src_x: 2
        src_y: 1
        dst_x: 9
        dst_y: 2
        injection_rate: 0
        phase_cycle_offset: 682
        noc_type: NOC_1
      tr124:
        packet_size: 4096
        num_packets: 1
        src_x: 2
        src_y: 1
        dst_x: 9
        dst_y: 2
        injection_rate: 0
        phase_cycle_offset: 385
        noc_type: NOC_0
      tr125:
        packet_size: 4096
        num_packets: 1
        src_x: 2
        src_y: 1
        dst_x: 9
        dst_y: 2
        injection_rate: 0
        phase_cycle_offset: 527
        noc_type: NOC_0
      tr126:
        packet_size: 4096
        num_packets: 1
        src_x: 2
        src_y: 1
        dst_x: 9
        dst_y: 2
        injection_rate: 0
        phase_cycle_offset: 713
        noc_type: NOC_0
      tr127:
        packet_size: 4096
        num_packets: 1
        src_x: 2
        src_y: 1
        dst_x: 9
        dst_y: 2
        injection_rate: 0
        phase_cycle_offset: 856
        noc_type: NOC_0
