phases:
  p1:
    transfers:
      tr0:
        packet_size: 4096
        num_packets: 1
        src_x: 1
        src_y: 1
        dst_x: 1
        dst_y: 1
        injection_rate: 0
        phase_cycle_offset: 239
        noc_type: NOC_1
      tr1:
        packet_size: 4096
        num_packets: 1
        src_x: 1
        src_y: 1
        dst_x: 1
        dst_y: 1
        injection_rate: 0
        phase_cycle_offset: 394
        noc_type: NOC_1
      tr2:
        packet_size: 4096
        num_packets: 1
        src_x: 1
        src_y: 1
        dst_x: 1
        dst_y: 1
        injection_rate: 0
        phase_cycle_offset: 583
        noc_type: NOC_1
      tr3:
        packet_size: 4096
        num_packets: 1
        src_x: 1
        src_y: 1
        dst_x: 1
        dst_y: 1
        injection_rate: 0
        phase_cycle_offset: 721
        noc_type: NOC_1
      tr4:
        packet_size: 4096
        num_packets: 1
        src_x: 1
        src_y: 1
        dst_x: 1
        dst_y: 1
        injection_rate: 0
        phase_cycle_offset: 418
        noc_type: NOC_0
      tr5:
        packet_size: 4096
        num_packets: 1
        src_x: 1
        src_y: 1
        dst_x: 1
        dst_y: 1
        injection_rate: 0
        phase_cycle_offset: 560
        noc_type: NOC_0
      tr6:
        packet_size: 4096
        num_packets: 1
        src_x: 1
        src_y: 1
        dst_x: 1
        dst_y: 1
        injection_rate: 0
        phase_cycle_offset: 746
        noc_type: NOC_0
      tr7:
        packet_size: 4096
        num_packets: 1
        src_x: 1
        src_y: 1
        dst_x: 1
        dst_y: 1
        injection_rate: 0
        phase_cycle_offset: 889
        noc_type: NOC_0
      tr8:
        packet_size: 4096
        num_packets: 1
        src_x: 1
        src_y: 1
        dst_x: 1
        dst_y: 2
        injection_rate: 0
        phase_cycle_offset: 239
        noc_type: NOC_1
      tr9:
        packet_size: 4096
        num_packets: 1
        src_x: 1
        src_y: 1
        dst_x: 1
        dst_y: 2
        injection_rate: 0
        phase_cycle_offset: 393
        noc_type: NOC_1
      tr10:
        packet_size: 4096
        num_packets: 1
        src_x: 1
        src_y: 1
        dst_x: 1
        dst_y: 2
        injection_rate: 0
        phase_cycle_offset: 571
        noc_type: NOC_1
      tr11:
        packet_size: 4096
        num_packets: 1
        src_x: 1
        src_y: 1
        dst_x: 1
        dst_y: 2
        injection_rate: 0
        phase_cycle_offset: 716
        noc_type: NOC_1
      tr12:
        packet_size: 4096
        num_packets: 1
        src_x: 1
        src_y: 1
        dst_x: 1
        dst_y: 2
        injection_rate: 0
        phase_cycle_offset: 418
        noc_type: NOC_0
      tr13:
        packet_size: 4096
        num_packets: 1
        src_x: 1
        src_y: 1
        dst_x: 1
        dst_y: 2
        injection_rate: 0
        phase_cycle_offset: 561
        noc_type: NOC_0
      tr14:
        packet_size: 4096
        num_packets: 1
        src_x: 1
        src_y: 1
        dst_x: 1
        dst_y: 2
        injection_rate: 0
        phase_cycle_offset: 745
        noc_type: NOC_0
      tr15:
        packet_size: 4096
        num_packets: 1
        src_x: 1
        src_y: 1
        dst_x: 1
        dst_y: 2
        injection_rate: 0
        phase_cycle_offset: 885
        noc_type: NOC_0
      tr16:
        packet_size: 4096
        num_packets: 1
        src_x: 1
        src_y: 2
        dst_x: 1
        dst_y: 3
        injection_rate: 0
        phase_cycle_offset: 217
        noc_type: NOC_1
      tr17:
        packet_size: 4096
        num_packets: 1
        src_x: 1
        src_y: 2
        dst_x: 1
        dst_y: 3
        injection_rate: 0
        phase_cycle_offset: 367
        noc_type: NOC_1
      tr18:
        packet_size: 4096
        num_packets: 1
        src_x: 1
        src_y: 2
        dst_x: 1
        dst_y: 3
        injection_rate: 0
        phase_cycle_offset: 550
        noc_type: NOC_1
      tr19:
        packet_size: 4096
        num_packets: 1
        src_x: 1
        src_y: 2
        dst_x: 1
        dst_y: 3
        injection_rate: 0
        phase_cycle_offset: 691
        noc_type: NOC_1
      tr20:
        packet_size: 4096
        num_packets: 1
        src_x: 1
        src_y: 2
        dst_x: 1
        dst_y: 3
        injection_rate: 0
        phase_cycle_offset: 395
        noc_type: NOC_0
      tr21:
        packet_size: 4096
        num_packets: 1
        src_x: 1
        src_y: 2
        dst_x: 1
        dst_y: 3
        injection_rate: 0
        phase_cycle_offset: 537
        noc_type: NOC_0
      tr22:
        packet_size: 4096
        num_packets: 1
        src_x: 1
        src_y: 2
        dst_x: 1
        dst_y: 3
        injection_rate: 0
        phase_cycle_offset: 722
        noc_type: NOC_0
      tr23:
        packet_size: 4096
        num_packets: 1
        src_x: 1
        src_y: 2
        dst_x: 1
        dst_y: 3
        injection_rate: 0
        phase_cycle_offset: 862
        noc_type: NOC_0
      tr24:
        packet_size: 4096
        num_packets: 1
        src_x: 1
        src_y: 2
        dst_x: 1
        dst_y: 4
        injection_rate: 0
        phase_cycle_offset: 208
        noc_type: NOC_1
      tr25:
        packet_size: 4096
        num_packets: 1
        src_x: 1
        src_y: 2
        dst_x: 1
        dst_y: 4
        injection_rate: 0
        phase_cycle_offset: 363
        noc_type: NOC_1
      tr26:
        packet_size: 4096
        num_packets: 1
        src_x: 1
        src_y: 2
        dst_x: 1
        dst_y: 4
        injection_rate: 0
        phase_cycle_offset: 547
        noc_type: NOC_1
      tr27:
        packet_size: 4096
        num_packets: 1
        src_x: 1
        src_y: 2
        dst_x: 1
        dst_y: 4
        injection_rate: 0
        phase_cycle_offset: 685
        noc_type: NOC_1
      tr28:
        packet_size: 4096
        num_packets: 1
        src_x: 1
        src_y: 2
        dst_x: 1
        dst_y: 4
        injection_rate: 0
        phase_cycle_offset: 388
        noc_type: NOC_0
      tr29:
        packet_size: 4096
        num_packets: 1
        src_x: 1
        src_y: 2
        dst_x: 1
        dst_y: 4
        injection_rate: 0
        phase_cycle_offset: 530
        noc_type: NOC_0
      tr30:
        packet_size: 4096
        num_packets: 1
        src_x: 1
        src_y: 2
        dst_x: 1
        dst_y: 4
        injection_rate: 0
        phase_cycle_offset: 718
        noc_type: NOC_0
      tr31:
        packet_size: 4096
        num_packets: 1
        src_x: 1
        src_y: 2
        dst_x: 1
        dst_y: 4
        injection_rate: 0
        phase_cycle_offset: 861
        noc_type: NOC_0
      tr32:
        packet_size: 4096
        num_packets: 1
        src_x: 2
        src_y: 1
        dst_x: 2
        dst_y: 1
        injection_rate: 0
        phase_cycle_offset: 234
        noc_type: NOC_1
      tr33:
        packet_size: 4096
        num_packets: 1
        src_x: 2
        src_y: 1
        dst_x: 2
        dst_y: 1
        injection_rate: 0
        phase_cycle_offset: 388
        noc_type: NOC_1
      tr34:
        packet_size: 4096
        num_packets: 1
        src_x: 2
        src_y: 1
        dst_x: 2
        dst_y: 1
        injection_rate: 0
        phase_cycle_offset: 583
        noc_type: NOC_1
      tr35:
        packet_size: 4096
        num_packets: 1
        src_x: 2
        src_y: 1
        dst_x: 2
        dst_y: 1
        injection_rate: 0
        phase_cycle_offset: 721
        noc_type: NOC_1
      tr36:
        packet_size: 4096
        num_packets: 1
        src_x: 2
        src_y: 1
        dst_x: 2
        dst_y: 1
        injection_rate: 0
        phase_cycle_offset: 413
        noc_type: NOC_0
      tr37:
        packet_size: 4096
        num_packets: 1
        src_x: 2
        src_y: 1
        dst_x: 2
        dst_y: 1
        injection_rate: 0
        phase_cycle_offset: 556
        noc_type: NOC_0
      tr38:
        packet_size: 4096
        num_packets: 1
        src_x: 2
        src_y: 1
        dst_x: 2
        dst_y: 1
        injection_rate: 0
        phase_cycle_offset: 744
        noc_type: NOC_0
      tr39:
        packet_size: 4096
        num_packets: 1
        src_x: 2
        src_y: 1
        dst_x: 2
        dst_y: 1
        injection_rate: 0
        phase_cycle_offset: 887
        noc_type: NOC_0
      tr40:
        packet_size: 4096
        num_packets: 1
        src_x: 2
        src_y: 1
        dst_x: 2
        dst_y: 2
        injection_rate: 0
        phase_cycle_offset: 202
        noc_type: NOC_1
      tr41:
        packet_size: 4096
        num_packets: 1
        src_x: 2
        src_y: 1
        dst_x: 2
        dst_y: 2
        injection_rate: 0
        phase_cycle_offset: 356
        noc_type: NOC_1
      tr42:
        packet_size: 4096
        num_packets: 1
        src_x: 2
        src_y: 1
        dst_x: 2
        dst_y: 2
        injection_rate: 0
        phase_cycle_offset: 536
        noc_type: NOC_1
      tr43:
        packet_size: 4096
        num_packets: 1
        src_x: 2
        src_y: 1
        dst_x: 2
        dst_y: 2
        injection_rate: 0
        phase_cycle_offset: 683
        noc_type: NOC_1
      tr44:
        packet_size: 4096
        num_packets: 1
        src_x: 2
        src_y: 1
        dst_x: 2
        dst_y: 2
        injection_rate: 0
        phase_cycle_offset: 381
        noc_type: NOC_0
      tr45:
        packet_size: 4096
        num_packets: 1
        src_x: 2
        src_y: 1
        dst_x: 2
        dst_y: 2
        injection_rate: 0
        phase_cycle_offset: 524
        noc_type: NOC_0
      tr46:
        packet_size: 4096
        num_packets: 1
        src_x: 2
        src_y: 1
        dst_x: 2
        dst_y: 2
        injection_rate: 0
        phase_cycle_offset: 710
        noc_type: NOC_0
      tr47:
        packet_size: 4096
        num_packets: 1
        src_x: 2
        src_y: 1
        dst_x: 2
        dst_y: 2
        injection_rate: 0
        phase_cycle_offset: 854
        noc_type: NOC_0
      tr48:
        packet_size: 4096
        num_packets: 1
        src_x: 2
        src_y: 2
        dst_x: 2
        dst_y: 3
        injection_rate: 0
        phase_cycle_offset: 198
        noc_type: NOC_1
      tr49:
        packet_size: 4096
        num_packets: 1
        src_x: 2
        src_y: 2
        dst_x: 2
        dst_y: 3
        injection_rate: 0
        phase_cycle_offset: 352
        noc_type: NOC_1
      tr50:
        packet_size: 4096
        num_packets: 1
        src_x: 2
        src_y: 2
        dst_x: 2
        dst_y: 3
        injection_rate: 0
        phase_cycle_offset: 530
        noc_type: NOC_1
      tr51:
        packet_size: 4096
        num_packets: 1
        src_x: 2
        src_y: 2
        dst_x: 2
        dst_y: 3
        injection_rate: 0
        phase_cycle_offset: 675
        noc_type: NOC_1
      tr52:
        packet_size: 4096
        num_packets: 1
        src_x: 2
        src_y: 2
        dst_x: 2
        dst_y: 3
        injection_rate: 0
        phase_cycle_offset: 377
        noc_type: NOC_0
      tr53:
        packet_size: 4096
        num_packets: 1
        src_x: 2
        src_y: 2
        dst_x: 2
        dst_y: 3
        injection_rate: 0
        phase_cycle_offset: 519
        noc_type: NOC_0
      tr54:
        packet_size: 4096
        num_packets: 1
        src_x: 2
        src_y: 2
        dst_x: 2
        dst_y: 3
        injection_rate: 0
        phase_cycle_offset: 700
        noc_type: NOC_0
      tr55:
        packet_size: 4096
        num_packets: 1
        src_x: 2
        src_y: 2
        dst_x: 2
        dst_y: 3
        injection_rate: 0
        phase_cycle_offset: 843
        noc_type: NOC_0
      tr56:
        packet_size: 4096
        num_packets: 1
        src_x: 2
        src_y: 2
        dst_x: 2
        dst_y: 4
        injection_rate: 0
        phase_cycle_offset: 191
        noc_type: NOC_1
      tr57:
        packet_size: 4096
        num_packets: 1
        src_x: 2
        src_y: 2
        dst_x: 2
        dst_y: 4
        injection_rate: 0
        phase_cycle_offset: 343
        noc_type: NOC_1
      tr58:
        packet_size: 4096
        num_packets: 1
        src_x: 2
        src_y: 2
        dst_x: 2
        dst_y: 4
        injection_rate: 0
        phase_cycle_offset: 523
        noc_type: NOC_1
      tr59:
        packet_size: 4096
        num_packets: 1
        src_x: 2
        src_y: 2
        dst_x: 2
        dst_y: 4
        injection_rate: 0
        phase_cycle_offset: 662
        noc_type: NOC_1
      tr60:
        packet_size: 4096
        num_packets: 1
        src_x: 2
        src_y: 2
        dst_x: 2
        dst_y: 4
        injection_rate: 0
        phase_cycle_offset: 369
        noc_type: NOC_0
      tr61:
        packet_size: 4096
        num_packets: 1
        src_x: 2
        src_y: 2
        dst_x: 2
        dst_y: 4
        injection_rate: 0
        phase_cycle_offset: 511
        noc_type: NOC_0
      tr62:
        packet_size: 4096
        num_packets: 1
        src_x: 2
        src_y: 2
        dst_x: 2
        dst_y: 4
        injection_rate: 0
        phase_cycle_offset: 697
        noc_type: NOC_0
      tr63:
        packet_size: 4096
        num_packets: 1
        src_x: 2
        src_y: 2
        dst_x: 2
        dst_y: 4
        injection_rate: 0
        phase_cycle_offset: 840
        noc_type: NOC_0
      tr64:
        packet_size: 4096
        num_packets: 1
        src_x: 3
        src_y: 1
        dst_x: 3
        dst_y: 1
        injection_rate: 0
        phase_cycle_offset: 299
        noc_type: NOC_1
      tr65:
        packet_size: 4096
        num_packets: 1
        src_x: 3
        src_y: 1
        dst_x: 3
        dst_y: 1
        injection_rate: 0
        phase_cycle_offset: 451
        noc_type: NOC_1
      tr66:
        packet_size: 4096
        num_packets: 1
        src_x: 3
        src_y: 1
        dst_x: 3
        dst_y: 1
        injection_rate: 0
        phase_cycle_offset: 644
        noc_type: NOC_1
      tr67:
        packet_size: 4096
        num_packets: 1
        src_x: 3
        src_y: 1
        dst_x: 3
        dst_y: 1
        injection_rate: 0
        phase_cycle_offset: 785
        noc_type: NOC_1
      tr68:
        packet_size: 4096
        num_packets: 1
        src_x: 3
        src_y: 1
        dst_x: 3
        dst_y: 1
        injection_rate: 0
        phase_cycle_offset: 478
        noc_type: NOC_0
      tr69:
        packet_size: 4096
        num_packets: 1
        src_x: 3
        src_y: 1
        dst_x: 3
        dst_y: 1
        injection_rate: 0
        phase_cycle_offset: 620
        noc_type: NOC_0
      tr70:
        packet_size: 4096
        num_packets: 1
        src_x: 3
        src_y: 1
        dst_x: 3
        dst_y: 1
        injection_rate: 0
        phase_cycle_offset: 803
        noc_type: NOC_0
      tr71:
        packet_size: 4096
        num_packets: 1
        src_x: 3
        src_y: 1
        dst_x: 3
        dst_y: 1
        injection_rate: 0
        phase_cycle_offset: 947
        noc_type: NOC_0
      tr72:
        packet_size: 4096
        num_packets: 1
        src_x: 3
        src_y: 1
        dst_x: 3
        dst_y: 2
        injection_rate: 0
        phase_cycle_offset: 287
        noc_type: NOC_1
      tr73:
        packet_size: 4096
        num_packets: 1
        src_x: 3
        src_y: 1
        dst_x: 3
        dst_y: 2
        injection_rate: 0
        phase_cycle_offset: 441
        noc_type: NOC_1
      tr74:
        packet_size: 4096
        num_packets: 1
        src_x: 3
        src_y: 1
        dst_x: 3
        dst_y: 2
        injection_rate: 0
        phase_cycle_offset: 625
        noc_type: NOC_1
      tr75:
        packet_size: 4096
        num_packets: 1
        src_x: 3
        src_y: 1
        dst_x: 3
        dst_y: 2
        injection_rate: 0
        phase_cycle_offset: 767
        noc_type: NOC_1
      tr76:
        packet_size: 4096
        num_packets: 1
        src_x: 3
        src_y: 1
        dst_x: 3
        dst_y: 2
        injection_rate: 0
        phase_cycle_offset: 466
        noc_type: NOC_0
      tr77:
        packet_size: 4096
        num_packets: 1
        src_x: 3
        src_y: 1
        dst_x: 3
        dst_y: 2
        injection_rate: 0
        phase_cycle_offset: 609
        noc_type: NOC_0
      tr78:
        packet_size: 4096
        num_packets: 1
        src_x: 3
        src_y: 1
        dst_x: 3
        dst_y: 2
        injection_rate: 0
        phase_cycle_offset: 793
        noc_type: NOC_0
      tr79:
        packet_size: 4096
        num_packets: 1
        src_x: 3
        src_y: 1
        dst_x: 3
        dst_y: 2
        injection_rate: 0
        phase_cycle_offset: 934
        noc_type: NOC_0
      tr80:
        packet_size: 4096
        num_packets: 1
        src_x: 3
        src_y: 2
        dst_x: 3
        dst_y: 3
        injection_rate: 0
        phase_cycle_offset: 282
        noc_type: NOC_1
      tr81:
        packet_size: 4096
        num_packets: 1
        src_x: 3
        src_y: 2
        dst_x: 3
        dst_y: 3
        injection_rate: 0
        phase_cycle_offset: 435
        noc_type: NOC_1
      tr82:
        packet_size: 4096
        num_packets: 1
        src_x: 3
        src_y: 2
        dst_x: 3
        dst_y: 3
        injection_rate: 0
        phase_cycle_offset: 616
        noc_type: NOC_1
      tr83:
        packet_size: 4096
        num_packets: 1
        src_x: 3
        src_y: 2
        dst_x: 3
        dst_y: 3
        injection_rate: 0
        phase_cycle_offset: 760
        noc_type: NOC_1
      tr84:
        packet_size: 4096
        num_packets: 1
        src_x: 3
        src_y: 2
        dst_x: 3
        dst_y: 3
        injection_rate: 0
        phase_cycle_offset: 462
        noc_type: NOC_0
      tr85:
        packet_size: 4096
        num_packets: 1
        src_x: 3
        src_y: 2
        dst_x: 3
        dst_y: 3
        injection_rate: 0
        phase_cycle_offset: 604
        noc_type: NOC_0
      tr86:
        packet_size: 4096
        num_packets: 1
        src_x: 3
        src_y: 2
        dst_x: 3
        dst_y: 3
        injection_rate: 0
        phase_cycle_offset: 790
        noc_type: NOC_0
      tr87:
        packet_size: 4096
        num_packets: 1
        src_x: 3
        src_y: 2
        dst_x: 3
        dst_y: 3
        injection_rate: 0
        phase_cycle_offset: 933
        noc_type: NOC_0
      tr88:
        packet_size: 4096
        num_packets: 1
        src_x: 3
        src_y: 2
        dst_x: 3
        dst_y: 4
        injection_rate: 0
        phase_cycle_offset: 266
        noc_type: NOC_1
      tr89:
        packet_size: 4096
        num_packets: 1
        src_x: 3
        src_y: 2
        dst_x: 3
        dst_y: 4
        injection_rate: 0
        phase_cycle_offset: 421
        noc_type: NOC_1
      tr90:
        packet_size: 4096
        num_packets: 1
        src_x: 3
        src_y: 2
        dst_x: 3
        dst_y: 4
        injection_rate: 0
        phase_cycle_offset: 610
        noc_type: NOC_1
      tr91:
        packet_size: 4096
        num_packets: 1
        src_x: 3
        src_y: 2
        dst_x: 3
        dst_y: 4
        injection_rate: 0
        phase_cycle_offset: 749
        noc_type: NOC_1
      tr92:
        packet_size: 4096
        num_packets: 1
        src_x: 3
        src_y: 2
        dst_x: 3
        dst_y: 4
        injection_rate: 0
        phase_cycle_offset: 445
        noc_type: NOC_0
      tr93:
        packet_size: 4096
        num_packets: 1
        src_x: 3
        src_y: 2
        dst_x: 3
        dst_y: 4
        injection_rate: 0
        phase_cycle_offset: 588
        noc_type: NOC_0
      tr94:
        packet_size: 4096
        num_packets: 1
        src_x: 3
        src_y: 2
        dst_x: 3
        dst_y: 4
        injection_rate: 0
        phase_cycle_offset: 773
        noc_type: NOC_0
      tr95:
        packet_size: 4096
        num_packets: 1
        src_x: 3
        src_y: 2
        dst_x: 3
        dst_y: 4
        injection_rate: 0
        phase_cycle_offset: 918
        noc_type: NOC_0
      tr96:
        packet_size: 4096
        num_packets: 1
        src_x: 4
        src_y: 1
        dst_x: 4
        dst_y: 1
        injection_rate: 0
        phase_cycle_offset: 277
        noc_type: NOC_1
      tr97:
        packet_size: 4096
        num_packets: 1
        src_x: 4
        src_y: 1
        dst_x: 4
        dst_y: 1
        injection_rate: 0
        phase_cycle_offset: 432
        noc_type: NOC_1
      tr98:
        packet_size: 4096
        num_packets: 1
        src_x: 4
        src_y: 1
        dst_x: 4
        dst_y: 1
        injection_rate: 0
        phase_cycle_offset: 616
        noc_type: NOC_1
      tr99:
        packet_size: 4096
        num_packets: 1
        src_x: 4
        src_y: 1
        dst_x: 4
        dst_y: 1
        injection_rate: 0
        phase_cycle_offset: 757
        noc_type: NOC_1
      tr100:
        packet_size: 4096
        num_packets: 1
        src_x: 4
        src_y: 1
        dst_x: 4
        dst_y: 1
        injection_rate: 0
        phase_cycle_offset: 456
        noc_type: NOC_0
      tr101:
        packet_size: 4096
        num_packets: 1
        src_x: 4
        src_y: 1
        dst_x: 4
        dst_y: 1
        injection_rate: 0
        phase_cycle_offset: 598
        noc_type: NOC_0
      tr102:
        packet_size: 4096
        num_packets: 1
        src_x: 4
        src_y: 1
        dst_x: 4
        dst_y: 1
        injection_rate: 0
        phase_cycle_offset: 783
        noc_type: NOC_0
      tr103:
        packet_size: 4096
        num_packets: 1
        src_x: 4
        src_y: 1
        dst_x: 4
        dst_y: 1
        injection_rate: 0
        phase_cycle_offset: 923
        noc_type: NOC_0
      tr104:
        packet_size: 4096
        num_packets: 1
        src_x: 4
        src_y: 1
        dst_x: 4
        dst_y: 2
        injection_rate: 0
        phase_cycle_offset: 269
        noc_type: NOC_1
      tr105:
        packet_size: 4096
        num_packets: 1
        src_x: 4
        src_y: 1
        dst_x: 4
        dst_y: 2
        injection_rate: 0
        phase_cycle_offset: 423
        noc_type: NOC_1
      tr106:
        packet_size: 4096
        num_packets: 1
        src_x: 4
        src_y: 1
        dst_x: 4
        dst_y: 2
        injection_rate: 0
        phase_cycle_offset: 606
        noc_type: NOC_1
      tr107:
        packet_size: 4096
        num_packets: 1
        src_x: 4
        src_y: 1
        dst_x: 4
        dst_y: 2
        injection_rate: 0
        phase_cycle_offset: 749
        noc_type: NOC_1
      tr108:
        packet_size: 4096
        num_packets: 1
        src_x: 4
        src_y: 1
        dst_x: 4
        dst_y: 2
        injection_rate: 0
        phase_cycle_offset: 449
        noc_type: NOC_0
      tr109:
        packet_size: 4096
        num_packets: 1
        src_x: 4
        src_y: 1
        dst_x: 4
        dst_y: 2
        injection_rate: 0
        phase_cycle_offset: 588
        noc_type: NOC_0
      tr110:
        packet_size: 4096
        num_packets: 1
        src_x: 4
        src_y: 1
        dst_x: 4
        dst_y: 2
        injection_rate: 0
        phase_cycle_offset: 776
        noc_type: NOC_0
      tr111:
        packet_size: 4096
        num_packets: 1
        src_x: 4
        src_y: 1
        dst_x: 4
        dst_y: 2
        injection_rate: 0
        phase_cycle_offset: 914
        noc_type: NOC_0
      tr112:
        packet_size: 4096
        num_packets: 1
        src_x: 4
        src_y: 2
        dst_x: 4
        dst_y: 3
        injection_rate: 0
        phase_cycle_offset: 265
        noc_type: NOC_1
      tr113:
        packet_size: 4096
        num_packets: 1
        src_x: 4
        src_y: 2
        dst_x: 4
        dst_y: 3
        injection_rate: 0
        phase_cycle_offset: 420
        noc_type: NOC_1
      tr114:
        packet_size: 4096
        num_packets: 1
        src_x: 4
        src_y: 2
        dst_x: 4
        dst_y: 3
        injection_rate: 0
        phase_cycle_offset: 605
        noc_type: NOC_1
      tr115:
        packet_size: 4096
        num_packets: 1
        src_x: 4
        src_y: 2
        dst_x: 4
        dst_y: 3
        injection_rate: 0
        phase_cycle_offset: 744
        noc_type: NOC_1
      tr116:
        packet_size: 4096
        num_packets: 1
        src_x: 4
        src_y: 2
        dst_x: 4
        dst_y: 3
        injection_rate: 0
        phase_cycle_offset: 445
        noc_type: NOC_0
      tr117:
        packet_size: 4096
        num_packets: 1
        src_x: 4
        src_y: 2
        dst_x: 4
        dst_y: 3
        injection_rate: 0
        phase_cycle_offset: 588
        noc_type: NOC_0
      tr118:
        packet_size: 4096
        num_packets: 1
        src_x: 4
        src_y: 2
        dst_x: 4
        dst_y: 3
        injection_rate: 0
        phase_cycle_offset: 774
        noc_type: NOC_0
      tr119:
        packet_size: 4096
        num_packets: 1
        src_x: 4
        src_y: 2
        dst_x: 4
        dst_y: 3
        injection_rate: 0
        phase_cycle_offset: 917
        noc_type: NOC_0
      tr120:
        packet_size: 4096
        num_packets: 1
        src_x: 4
        src_y: 2
        dst_x: 4
        dst_y: 4
        injection_rate: 0
        phase_cycle_offset: 257
        noc_type: NOC_1
      tr121:
        packet_size: 4096
        num_packets: 1
        src_x: 4
        src_y: 2
        dst_x: 4
        dst_y: 4
        injection_rate: 0
        phase_cycle_offset: 410
        noc_type: NOC_1
      tr122:
        packet_size: 4096
        num_packets: 1
        src_x: 4
        src_y: 2
        dst_x: 4
        dst_y: 4
        injection_rate: 0
        phase_cycle_offset: 592
        noc_type: NOC_1
      tr123:
        packet_size: 4096
        num_packets: 1
        src_x: 4
        src_y: 2
        dst_x: 4
        dst_y: 4
        injection_rate: 0
        phase_cycle_offset: 735
        noc_type: NOC_1
      tr124:
        packet_size: 4096
        num_packets: 1
        src_x: 4
        src_y: 2
        dst_x: 4
        dst_y: 4
        injection_rate: 0
        phase_cycle_offset: 437
        noc_type: NOC_0
      tr125:
        packet_size: 4096
        num_packets: 1
        src_x: 4
        src_y: 2
        dst_x: 4
        dst_y: 4
        injection_rate: 0
        phase_cycle_offset: 579
        noc_type: NOC_0
      tr126:
        packet_size: 4096
        num_packets: 1
        src_x: 4
        src_y: 2
        dst_x: 4
        dst_y: 4
        injection_rate: 0
        phase_cycle_offset: 765
        noc_type: NOC_0
      tr127:
        packet_size: 4096
        num_packets: 1
        src_x: 4
        src_y: 2
        dst_x: 4
        dst_y: 4
        injection_rate: 0
        phase_cycle_offset: 908
        noc_type: NOC_0
